name: update gemfile.lock file

permissions: 
  pull-requests: write

on:
  push:
    branches:
      - main
    paths-ignore:
      - '.github/**'
  schedule:
    - cron: '3 7 */33 * *'
  workflow_dispatch:
      
jobs:
  build:
    runs-on: ubuntu-latest
    steps:
    - uses: actions/checkout@main
      with:
        persist-credentials: false # otherwise, the token used is the GITHUB_TOKEN, instead of your personal token
        fetch-depth: 0 # otherwise, you will failed to push refs to dest repo
          
    - name: Set up Ruby
      uses: ruby/setup-ruby@master
      with:
        ruby-version: debug

    - name: Build new gemfile lock with Rake
      run: |
        rm --force Gemfile.lock
        gem install bundler
        bundle install --jobs 9 --retry 3

    - uses: peter-evans/create-pull-request@main
      id: pr
      with:
        author: wafbot <wafbot@aatf.us>
        committer: wafbot <wafbot@aatf.us>
        commit-message: "[ci] update gemfile.lock"
        title: "[ci] update gemfile.lock"
        delete-branch: true

    - uses: peter-evans/enable-pull-request-automerge@v3
      with:
        pull-request-number: ${{ steps.pr.outputs.pull-request-number }}
        merge-method: squash
